
Microsoft Visual Studio Solution File, Format Version 12.00
# Visual Studio Version 16
VisualStudioVersion = 16.0.31205.134
MinimumVisualStudioVersion = 10.0.40219.1
Project("{FAE04EC0-301F-11D3-BF4B-00C04F79EFBC}") = "mathOpp", "mathOpp.csproj", "{534AB572-5139-4AD7-879F-8E50DA7A9F4C}"
EndProject
Global
	GlobalSection(SolutionConfigurationPlatforms) = preSolution
		Debug|Any CPU = Debug|Any CPU
		Release|Any CPU = Release|Any CPU
	EndGlobalSection
	GlobalSection(ProjectConfigurationPlatforms) = postSolution
		{534AB572-5139-4AD7-879F-8E50DA7A9F4C}.Debug|Any CPU.ActiveCfg = Debug|Any CPU
		{534AB572-5139-4AD7-879F-8E50DA7A9F4C}.Debug|Any CPU.Build.0 = Debug|Any CPU
		{534AB572-5139-4AD7-879F-8E50DA7A9F4C}.Release|Any CPU.ActiveCfg = Release|Any CPU
		{534AB572-5139-4AD7-879F-8E50DA7A9F4C}.Release|Any CPU.Build.0 = Release|Any CPU
	EndGlobalSection
	GlobalSection(SolutionProperties) = preSolution
		HideSolutionNode = FALSE
	EndGlobalSection
	GlobalSection(ExtensibilityGlobals) = postSolution
		SolutionGuid = {08FE10E7-1140-4AFA-9F90-D8F3FB551334}
	EndGlobalSection
EndGlobal
